# @generated - this file is auto-generated by `mise lock` https://mise.jdx.dev/dev-tools/mise-lock.html

[[tools.go]]
version = "1.25.6"
backend = "core:go"

[tools.go."platforms.linux-arm64"]
checksum = "sha256:738ef87d79c34272424ccdf83302b7b0300b8b096ed443896089306117943dd5"
url = "https://dl.google.com/go/go1.25.6.linux-arm64.tar.gz"

[tools.go."platforms.linux-arm64-musl"]
checksum = "sha256:738ef87d79c34272424ccdf83302b7b0300b8b096ed443896089306117943dd5"
url = "https://dl.google.com/go/go1.25.6.linux-arm64.tar.gz"

[tools.go."platforms.linux-x64"]
checksum = "sha256:f022b6aad78e362bcba9b0b94d09ad58c5a70c6ba3b7582905fababf5fe0181a"
url = "https://dl.google.com/go/go1.25.6.linux-amd64.tar.gz"

[tools.go."platforms.linux-x64-musl"]
checksum = "sha256:f022b6aad78e362bcba9b0b94d09ad58c5a70c6ba3b7582905fababf5fe0181a"
url = "https://dl.google.com/go/go1.25.6.linux-amd64.tar.gz"

[tools.go."platforms.macos-arm64"]
checksum = "sha256:984521ae978a5377c7d782fd2dd953291840d7d3d0bd95781a1f32f16d94a006"
url = "https://dl.google.com/go/go1.25.6.darwin-arm64.tar.gz"

[tools.go."platforms.macos-x64"]
checksum = "sha256:e2b5b237f5c262931b8e280ac4b8363f156e19bfad5270c099998932819670b7"
url = "https://dl.google.com/go/go1.25.6.darwin-amd64.tar.gz"

[tools.go."platforms.windows-x64"]
checksum = "sha256:19b4733b727ba5c611b5656187f3ac367d278d64c3d4199a845e39c0fdac5335"
url = "https://dl.google.com/go/go1.25.6.windows-amd64.zip"
